
Microsoft Visual Studio Solution File, Format Version 11.00
# Visual Studio 2010
Project("{FAE04EC0-301F-11D3-BF4B-00C04F79EFBC}") = "TaskbarHide", "TaskbarHide\TaskbarHide.csproj", "{517EDC10-7EE4-49B3-B656-A9C496CE651C}"
EndProject
Global
	GlobalSection(SolutionConfigurationPlatforms) = preSolution
		Debug|Any CPU = Debug|Any CPU
		Release|Any CPU = Release|Any CPU
	EndGlobalSection
	GlobalSection(ProjectConfigurationPlatforms) = postSolution
		{517EDC10-7EE4-49B3-B656-A9C496CE651C}.Debug|Any CPU.ActiveCfg = Debug|Any CPU
		{517EDC10-7EE4-49B3-B656-A9C496CE651C}.Debug|Any CPU.Build.0 = Debug|Any CPU
		{517EDC10-7EE4-49B3-B656-A9C496CE651C}.Release|Any CPU.ActiveCfg = Release|Any CPU
		{517EDC10-7EE4-49B3-B656-A9C496CE651C}.Release|Any CPU.Build.0 = Release|Any CPU
	EndGlobalSection
	GlobalSection(SolutionProperties) = preSolution
		HideSolutionNode = FALSE
	EndGlobalSection
EndGlobal
